{
  "name": "sourcemeta-studio",
  "version": "1.2.0",
  "lockfileVersion": 3,
  "requires": true,
  "packages": {
    "": {
      "name": "sourcemeta-studio",
      "version": "1.2.0",
      "dependencies": {
        "@sourcemeta/jsonschema": "^14.12.0"
      },
      "engines": {
        "vscode": "^1.74.0"
      }
    },
    "node_modules/@sourcemeta/jsonschema": {
      "version": "14.12.0",
      "resolved": "https://registry.npmjs.org/@sourcemeta/jsonschema/-/jsonschema-14.12.0.tgz",
      "integrity": "sha512-/Y2o2IPw5WZUmsoz9dSdzYouMEhQPPTe4H+npnYb4DXrsU+TsJ5N2bQn0mzP2UXMl3vBy++GVSR9Lf2CsBBQkQ==",
      "cpu": [
        "x64",
        "arm64"
      ],
      "license": "AGPL-3.0",
      "os": [
        "darwin",
        "linux",
        "win32"
      ],
      "bin": {
        "jsonschema": "npm/cli.js"
      },
      "engines": {
        "node": ">=16"
      },
      "funding": {
        "url": "https://github.com/sponsors/sourcemeta"
      }
    }
  }
}
