{
  "name": "sourcemeta-studio",
  "version": "1.2.2",
  "lockfileVersion": 3,
  "requires": true,
  "packages": {
    "": {
      "name": "sourcemeta-studio",
      "version": "1.2.2",
      "dependencies": {
        "@sourcemeta/jsonschema": "^14.16.2"
      },
      "engines": {
        "vscode": "^1.74.0"
      }
    },
    "node_modules/@sourcemeta/jsonschema": {
      "version": "14.16.2",
      "resolved": "https://registry.npmjs.org/@sourcemeta/jsonschema/-/jsonschema-14.16.2.tgz",
      "integrity": "sha512-9KNLC5Lds/oz4fjndRmTKBHZ5EAdzCVL4z0ajKM7h+eRYywLgTdj5E6NB0jZOGUl38Oj1crN0LL49TmbZWWQoQ==",
      "cpu": [
        "x64",
        "arm64"
      ],
      "license": "AGPL-3.0",
      "os": [
        "darwin",
        "linux",
        "win32"
      ],
      "bin": {
        "jsonschema": "npm/cli.js"
      },
      "engines": {
        "node": ">=16"
      },
      "funding": {
        "url": "https://github.com/sponsors/sourcemeta"
      }
    }
  }
}
