{
  "name": "sourcemeta-studio",
  "version": "1.3.2",
  "lockfileVersion": 3,
  "requires": true,
  "packages": {
    "": {
      "name": "sourcemeta-studio",
      "version": "1.3.2",
      "dependencies": {
        "@sourcemeta/jsonschema": "^17.0.0"
      },
      "engines": {
        "vscode": "^1.74.0"
      }
    },
    "node_modules/@sourcemeta/jsonschema": {
      "version": "17.0.0",
      "resolved": "https://registry.npmjs.org/@sourcemeta/jsonschema/-/jsonschema-17.0.0.tgz",
      "integrity": "sha512-jFPv9gDZtdfI2/Ubf2O6KfNOswU9O2Nx1t862XxSSFV8vjWXZfwNB96Cu+Y6Vt4XKSqcpleNRcsmpYNwZ+gODw==",
      "cpu": [
        "x64",
        "arm64"
      ],
      "license": "AGPL-3.0",
      "os": [
        "darwin",
        "linux",
        "win32"
      ],
      "bin": {
        "jsonschema": "npm/cli.js"
      },
      "engines": {
        "node": ">=16"
      },
      "funding": {
        "url": "https://github.com/sponsors/sourcemeta"
      }
    }
  }
}
